
Microsoft Visual Studio Solution File, Format Version 12.00
# Visual Studio Version 17
VisualStudioVersion = 17.5.33530.505
MinimumVisualStudioVersion = 10.0.40219.1
Project("{8BC9CEB8-8B4A-11D0-8D11-00A0C91BC942}") = "HW-14.10-Autocomplete", "HW-14.10-Autocomplete.vcxproj", "{366F6FEE-4D32-495A-875B-D4771C7CD2EE}"
EndProject
Global
	GlobalSection(SolutionConfigurationPlatforms) = preSolution
		Debug|x64 = Debug|x64
		Debug|x86 = Debug|x86
		Release|x64 = Release|x64
		Release|x86 = Release|x86
	EndGlobalSection
	GlobalSection(ProjectConfigurationPlatforms) = postSolution
		{366F6FEE-4D32-495A-875B-D4771C7CD2EE}.Debug|x64.ActiveCfg = Debug|x64
		{366F6FEE-4D32-495A-875B-D4771C7CD2EE}.Debug|x64.Build.0 = Debug|x64
		{366F6FEE-4D32-495A-875B-D4771C7CD2EE}.Debug|x86.ActiveCfg = Debug|Win32
		{366F6FEE-4D32-495A-875B-D4771C7CD2EE}.Debug|x86.Build.0 = Debug|Win32
		{366F6FEE-4D32-495A-875B-D4771C7CD2EE}.Release|x64.ActiveCfg = Release|x64
		{366F6FEE-4D32-495A-875B-D4771C7CD2EE}.Release|x64.Build.0 = Release|x64
		{366F6FEE-4D32-495A-875B-D4771C7CD2EE}.Release|x86.ActiveCfg = Release|Win32
		{366F6FEE-4D32-495A-875B-D4771C7CD2EE}.Release|x86.Build.0 = Release|Win32
	EndGlobalSection
	GlobalSection(SolutionProperties) = preSolution
		HideSolutionNode = FALSE
	EndGlobalSection
	GlobalSection(ExtensibilityGlobals) = postSolution
		SolutionGuid = {07BB4741-A3D5-4E6F-B43F-2B33AE1FBF68}
	EndGlobalSection
EndGlobal
